
Microsoft Visual Studio Solution File, Format Version 12.00
# Visual Studio 15
VisualStudioVersion = 15.0.28010.2036
MinimumVisualStudioVersion = 10.0.40219.1
Project("{9092AA53-FB77-4645-B42D-1CCCA6BD08BD}") = "crud_test_02", "crud_test_02\crud_test_02.njsproj", "{63F25AA6-EBD3-43DD-ADC8-DBF259826E2B}"
EndProject
Global
	GlobalSection(SolutionConfigurationPlatforms) = preSolution
		Debug|Any CPU = Debug|Any CPU
		Release|Any CPU = Release|Any CPU
	EndGlobalSection
	GlobalSection(ProjectConfigurationPlatforms) = postSolution
		{63F25AA6-EBD3-43DD-ADC8-DBF259826E2B}.Debug|Any CPU.ActiveCfg = Debug|Any CPU
		{63F25AA6-EBD3-43DD-ADC8-DBF259826E2B}.Debug|Any CPU.Build.0 = Debug|Any CPU
		{63F25AA6-EBD3-43DD-ADC8-DBF259826E2B}.Release|Any CPU.ActiveCfg = Release|Any CPU
		{63F25AA6-EBD3-43DD-ADC8-DBF259826E2B}.Release|Any CPU.Build.0 = Release|Any CPU
	EndGlobalSection
	GlobalSection(SolutionProperties) = preSolution
		HideSolutionNode = FALSE
	EndGlobalSection
	GlobalSection(ExtensibilityGlobals) = postSolution
		SolutionGuid = {19F0AC06-A167-46F9-9044-CC76188410E4}
	EndGlobalSection
EndGlobal
