
Microsoft Visual Studio Solution File, Format Version 12.00
# Visual Studio 15
VisualStudioVersion = 15.0.28010.2036
MinimumVisualStudioVersion = 10.0.40219.1
Project("{9092AA53-FB77-4645-B42D-1CCCA6BD08BD}") = "crud_test_01", "crud_test_01\crud_test_01.njsproj", "{894C0DCE-EE35-430F-8E6F-A3908B3224D5}"
EndProject
Global
	GlobalSection(SolutionConfigurationPlatforms) = preSolution
		Debug|Any CPU = Debug|Any CPU
		Release|Any CPU = Release|Any CPU
	EndGlobalSection
	GlobalSection(ProjectConfigurationPlatforms) = postSolution
		{894C0DCE-EE35-430F-8E6F-A3908B3224D5}.Debug|Any CPU.ActiveCfg = Debug|Any CPU
		{894C0DCE-EE35-430F-8E6F-A3908B3224D5}.Debug|Any CPU.Build.0 = Debug|Any CPU
		{894C0DCE-EE35-430F-8E6F-A3908B3224D5}.Release|Any CPU.ActiveCfg = Release|Any CPU
		{894C0DCE-EE35-430F-8E6F-A3908B3224D5}.Release|Any CPU.Build.0 = Release|Any CPU
	EndGlobalSection
	GlobalSection(SolutionProperties) = preSolution
		HideSolutionNode = FALSE
	EndGlobalSection
	GlobalSection(ExtensibilityGlobals) = postSolution
		SolutionGuid = {E7151DC2-E5E5-44BA-B93A-EFD194018C2F}
	EndGlobalSection
EndGlobal
